// !$*UTF8*$!
{
	archiveVersion = 1;
	classes = {
	};
	objectVersion = 46;
	objects = {

/* Begin PBXBuildFile section */
		211E45D21B98188600CF0088 /* ClientTest.cpp in Sources */ = {isa = PBXBuildFile; fileRef = 211E45D11B98188600CF0088 /* ClientTest.cpp */; };
		211E45D41B9818E300CF0088 /* FinderTest.cpp in Sources */ = {isa = PBXBuildFile; fileRef = 211E45D31B9818E300CF0088 /* FinderTest.cpp */; };
		2127082C1BD6640300000985 /* ConsistentHashingRingTest.cpp in Sources */ = {isa = PBXBuildFile; fileRef = 2127082B1BD6640300000985 /* ConsistentHashingRingTest.cpp */; };
		2127083A1BD7995A00000985 /* JSONArrayTest.cpp in Sources */ = {isa = PBXBuildFile; fileRef = 212708361BD7995A00000985 /* JSONArrayTest.cpp */; };
		2127083B1BD7995A00000985 /* JSONMapTest.cpp in Sources */ = {isa = PBXBuildFile; fileRef = 212708371BD7995A00000985 /* JSONMapTest.cpp */; };
		2127083C1BD7995A00000985 /* JSONObjectTest.cpp in Sources */ = {isa = PBXBuildFile; fileRef = 212708381BD7995A00000985 /* JSONObjectTest.cpp */; };
		2127083D1BD7995A00000985 /* JSONParseTest.cpp in Sources */ = {isa = PBXBuildFile; fileRef = 212708391BD7995A00000985 /* JSONParseTest.cpp */; };
		212A954B1B9BD1A400EC9A71 /* MethodMapTest.cpp in Sources */ = {isa = PBXBuildFile; fileRef = 212A95491B9BD1A400EC9A71 /* MethodMapTest.cpp */; };
		212A954C1B9BD1A400EC9A71 /* MethodManagerTest.cpp in Sources */ = {isa = PBXBuildFile; fileRef = 212A954A1B9BD1A400EC9A71 /* MethodManagerTest.cpp */; };
		212A954E1B9BD24700EC9A71 /* MethodTest.cpp in Sources */ = {isa = PBXBuildFile; fileRef = 212A954D1B9BD24700EC9A71 /* MethodTest.cpp */; };
		213389D31BFAEAB30014548E /* RpcServerTest.cpp in Sources */ = {isa = PBXBuildFile; fileRef = 213389D21BFAEAB30014548E /* RpcServerTest.cpp */; };
		2137D3F11B998AEF00652E68 /* liblibround.a in Frameworks */ = {isa = PBXBuildFile; fileRef = 2137D3EE1B998ADD00652E68 /* liblibround.a */; };
		21563A121BC419AB004D33EA /* ScriptTestController.cpp in Sources */ = {isa = PBXBuildFile; fileRef = 21563A101BC419AB004D33EA /* ScriptTestController.cpp */; };
		215A078E1BB2FB9400E9702F /* ServerTest.cpp in Sources */ = {isa = PBXBuildFile; fileRef = 215A078D1BB2FB9400E9702F /* ServerTest.cpp */; };
		215A079A1BB4663C00E9702F /* RegistryTest.cpp in Sources */ = {isa = PBXBuildFile; fileRef = 215A07991BB4663C00E9702F /* RegistryTest.cpp */; };
		2166EF8C1B9D2E5E002FE45D /* ScriptEngineMapTest.cpp in Sources */ = {isa = PBXBuildFile; fileRef = 2166EF8A1B9D2E5E002FE45D /* ScriptEngineMapTest.cpp */; };
		2166EF8D1B9D2E5E002FE45D /* ScriptEngineTest.cpp in Sources */ = {isa = PBXBuildFile; fileRef = 2166EF8B1B9D2E5E002FE45D /* ScriptEngineTest.cpp */; };
		216D19CF1BB4B37C0007B331 /* ClockTest.cpp in Sources */ = {isa = PBXBuildFile; fileRef = 216D19CE1BB4B37C0007B331 /* ClockTest.cpp */; };
		2172C4C11B9AF3CB0032BE98 /* Ruby.framework in Frameworks */ = {isa = PBXBuildFile; fileRef = 2172C4C01B9AF3CB0032BE98 /* Ruby.framework */; };
		218569B31BB0D68800861B9B /* RemoteNodeTest.cpp in Sources */ = {isa = PBXBuildFile; fileRef = 218569B21BB0D68800861B9B /* RemoteNodeTest.cpp */; };
		218569B51BB0D69400861B9B /* LocalNodeTest.cpp in Sources */ = {isa = PBXBuildFile; fileRef = 218569B41BB0D69400861B9B /* LocalNodeTest.cpp */; };
		2195A3E31BD50DF000DF5436 /* Base64Test.cpp in Sources */ = {isa = PBXBuildFile; fileRef = 2195A3DC1BD50DF000DF5436 /* Base64Test.cpp */; };
		2195A3E41BD50DF000DF5436 /* ListOrderedTest.cpp in Sources */ = {isa = PBXBuildFile; fileRef = 2195A3DD1BD50DF000DF5436 /* ListOrderedTest.cpp */; };
		2195A3E51BD50DF000DF5436 /* ListTest.cpp in Sources */ = {isa = PBXBuildFile; fileRef = 2195A3DE1BD50DF000DF5436 /* ListTest.cpp */; };
		2195A3E61BD50DF000DF5436 /* MapTest.cpp in Sources */ = {isa = PBXBuildFile; fileRef = 2195A3DF1BD50DF000DF5436 /* MapTest.cpp */; };
		2195A3E71BD50DF000DF5436 /* QueueTest.cpp in Sources */ = {isa = PBXBuildFile; fileRef = 2195A3E01BD50DF000DF5436 /* QueueTest.cpp */; };
		2195A3E81BD50DF000DF5436 /* SemaphoreTest.cpp in Sources */ = {isa = PBXBuildFile; fileRef = 2195A3E11BD50DF000DF5436 /* SemaphoreTest.cpp */; };
		2195A3E91BD50DF000DF5436 /* StringTest.cpp in Sources */ = {isa = PBXBuildFile; fileRef = 2195A3E21BD50DF000DF5436 /* StringTest.cpp */; };
		21A4C21F1BC112DE0030BD12 /* LocalNodeMessageTest.cpp in Sources */ = {isa = PBXBuildFile; fileRef = 21A4C21E1BC112DE0030BD12 /* LocalNodeMessageTest.cpp */; };
		21A4C9F11C12EF2C00F037E9 /* JSONRpcTest.cpp in Sources */ = {isa = PBXBuildFile; fileRef = 21A4C9F01C12EF2C00F037E9 /* JSONRpcTest.cpp */; };
		21A762ED1B96F82400D29732 /* RoundTest.cpp in Sources */ = {isa = PBXBuildFile; fileRef = 21A762EC1B96F82400D29732 /* RoundTest.cpp */; };
		21A776B41BA0666C009BDB36 /* MessageTest.cpp in Sources */ = {isa = PBXBuildFile; fileRef = 21A776B31BA0666C009BDB36 /* MessageTest.cpp */; };
		21C887741BD8F00700449F5D /* DigestTest.cpp in Sources */ = {isa = PBXBuildFile; fileRef = 21C887731BD8F00700449F5D /* DigestTest.cpp */; };
		21C887771BD9115400449F5D /* MutexTest.cpp in Sources */ = {isa = PBXBuildFile; fileRef = 21C887751BD9115400449F5D /* MutexTest.cpp */; };
		21D427F01B9F0B1A00BBBD41 /* ErrorTest.cpp in Sources */ = {isa = PBXBuildFile; fileRef = 21D427EF1B9F0B1A00BBBD41 /* ErrorTest.cpp */; };
		21EA96DE1B99104E00E00841 /* ClusterManagerTest.cpp in Sources */ = {isa = PBXBuildFile; fileRef = 21EA96DC1B99104E00E00841 /* ClusterManagerTest.cpp */; };
		21EA96DF1B99104E00E00841 /* ClusterTest.cpp in Sources */ = {isa = PBXBuildFile; fileRef = 21EA96DD1B99104E00E00841 /* ClusterTest.cpp */; };
		21EA96E21B99105E00E00841 /* NodeRingTest.cpp in Sources */ = {isa = PBXBuildFile; fileRef = 21EA96E01B99105E00E00841 /* NodeRingTest.cpp */; };
		21EA96E31B99105E00E00841 /* NodeTest.cpp in Sources */ = {isa = PBXBuildFile; fileRef = 21EA96E11B99105E00E00841 /* NodeTest.cpp */; };
		21F6D99D1B9983A500714056 /* JsEngineTest.cpp in Sources */ = {isa = PBXBuildFile; fileRef = 21F6D99A1B9983A500714056 /* JsEngineTest.cpp */; };
		21F6D99E1B9983A500714056 /* LuaEngineTest.cpp in Sources */ = {isa = PBXBuildFile; fileRef = 21F6D99B1B9983A500714056 /* LuaEngineTest.cpp */; };
		21F6D99F1B9983A500714056 /* RubyEngineTest.cpp in Sources */ = {isa = PBXBuildFile; fileRef = 21F6D99C1B9983A500714056 /* RubyEngineTest.cpp */; };
/* End PBXBuildFile section */

/* Begin PBXContainerItemProxy section */
		2137D3ED1B998ADD00652E68 /* PBXContainerItemProxy */ = {
			isa = PBXContainerItemProxy;
			containerPortal = 211E45BF1B9814FA00CF0088 /* libround.xcodeproj */;
			proxyType = 2;
			remoteGlobalIDString = 212ADD881A8D4F000054EC0F;
			remoteInfo = libround;
		};
		2137D3EF1B998AE900652E68 /* PBXContainerItemProxy */ = {
			isa = PBXContainerItemProxy;
			containerPortal = 211E45BF1B9814FA00CF0088 /* libround.xcodeproj */;
			proxyType = 1;
			remoteGlobalIDString = 212ADD871A8D4F000054EC0F;
			remoteInfo = libround;
		};
/* End PBXContainerItemProxy section */

/* Begin PBXCopyFilesBuildPhase section */
		2103632F1B4A51B300DB3025 /* CopyFiles */ = {
			isa = PBXCopyFilesBuildPhase;
			buildActionMask = 2147483647;
			dstPath = /usr/share/man/man1/;
			dstSubfolderSpec = 0;
			files = (
			);
			runOnlyForDeploymentPostprocessing = 1;
		};
/* End PBXCopyFilesBuildPhase section */

/* Begin PBXFileReference section */
		210363311B4A51B300DB3025 /* RoundTest */ = {isa = PBXFileReference; explicitFileType = "compiled.mach-o.executable"; includeInIndex = 0; path = RoundTest; sourceTree = BUILT_PRODUCTS_DIR; };
		211E45BF1B9814FA00CF0088 /* libround.xcodeproj */ = {isa = PBXFileReference; lastKnownFileType = "wrapper.pb-project"; name = libround.xcodeproj; path = ../../../lib/macosx/xcode/libround.xcodeproj; sourceTree = "<group>"; };
		211E45D11B98188600CF0088 /* ClientTest.cpp */ = {isa = PBXFileReference; fileEncoding = 4; lastKnownFileType = sourcecode.cpp.cpp; name = ClientTest.cpp; path = ../../ClientTest.cpp; sourceTree = "<group>"; };
		211E45D31B9818E300CF0088 /* FinderTest.cpp */ = {isa = PBXFileReference; fileEncoding = 4; lastKnownFileType = sourcecode.cpp.cpp; name = FinderTest.cpp; path = ../../FinderTest.cpp; sourceTree = "<group>"; };
		2127082B1BD6640300000985 /* ConsistentHashingRingTest.cpp */ = {isa = PBXFileReference; fileEncoding = 4; lastKnownFileType = sourcecode.cpp.cpp; name = ConsistentHashingRingTest.cpp; path = ../../util/ConsistentHashingRingTest.cpp; sourceTree = "<group>"; };
		212708361BD7995A00000985 /* JSONArrayTest.cpp */ = {isa = PBXFileReference; fileEncoding = 4; lastKnownFileType = sourcecode.cpp.cpp; name = JSONArrayTest.cpp; path = ../../json/JSONArrayTest.cpp; sourceTree = "<group>"; };
		212708371BD7995A00000985 /* JSONMapTest.cpp */ = {isa = PBXFileReference; fileEncoding = 4; lastKnownFileType = sourcecode.cpp.cpp; name = JSONMapTest.cpp; path = ../../json/JSONMapTest.cpp; sourceTree = "<group>"; };
		212708381BD7995A00000985 /* JSONObjectTest.cpp */ = {isa = PBXFileReference; fileEncoding = 4; lastKnownFileType = sourcecode.cpp.cpp; name = JSONObjectTest.cpp; path = ../../json/JSONObjectTest.cpp; sourceTree = "<group>"; };
		212708391BD7995A00000985 /* JSONParseTest.cpp */ = {isa = PBXFileReference; fileEncoding = 4; lastKnownFileType = sourcecode.cpp.cpp; name = JSONParseTest.cpp; path = ../../json/JSONParseTest.cpp; sourceTree = "<group>"; };
		212A95491B9BD1A400EC9A71 /* MethodMapTest.cpp */ = {isa = PBXFileReference; fileEncoding = 4; lastKnownFileType = sourcecode.cpp.cpp; name = MethodMapTest.cpp; path = ../../MethodMapTest.cpp; sourceTree = "<group>"; };
		212A954A1B9BD1A400EC9A71 /* MethodManagerTest.cpp */ = {isa = PBXFileReference; fileEncoding = 4; lastKnownFileType = sourcecode.cpp.cpp; name = MethodManagerTest.cpp; path = ../../MethodManagerTest.cpp; sourceTree = "<group>"; };
		212A954D1B9BD24700EC9A71 /* MethodTest.cpp */ = {isa = PBXFileReference; fileEncoding = 4; lastKnownFileType = sourcecode.cpp.cpp; name = MethodTest.cpp; path = ../../MethodTest.cpp; sourceTree = "<group>"; };
		213389D21BFAEAB30014548E /* RpcServerTest.cpp */ = {isa = PBXFileReference; fileEncoding = 4; lastKnownFileType = sourcecode.cpp.cpp; name = RpcServerTest.cpp; path = ../../RpcServerTest.cpp; sourceTree = "<group>"; };
		21563A101BC419AB004D33EA /* ScriptTestController.cpp */ = {isa = PBXFileReference; fileEncoding = 4; lastKnownFileType = sourcecode.cpp.cpp; name = ScriptTestController.cpp; path = ../../ScriptTestController.cpp; sourceTree = "<group>"; };
		21563A111BC419AB004D33EA /* ScriptTestController.h */ = {isa = PBXFileReference; fileEncoding = 4; lastKnownFileType = sourcecode.c.h; name = ScriptTestController.h; path = ../../ScriptTestController.h; sourceTree = "<group>"; };
		215A078D1BB2FB9400E9702F /* ServerTest.cpp */ = {isa = PBXFileReference; fileEncoding = 4; lastKnownFileType = sourcecode.cpp.cpp; name = ServerTest.cpp; path = ../../ServerTest.cpp; sourceTree = "<group>"; };
		215A07991BB4663C00E9702F /* RegistryTest.cpp */ = {isa = PBXFileReference; fileEncoding = 4; lastKnownFileType = sourcecode.cpp.cpp; name = RegistryTest.cpp; path = ../../RegistryTest.cpp; sourceTree = "<group>"; };
		2166EF8A1B9D2E5E002FE45D /* ScriptEngineMapTest.cpp */ = {isa = PBXFileReference; fileEncoding = 4; lastKnownFileType = sourcecode.cpp.cpp; name = ScriptEngineMapTest.cpp; path = ../../ScriptEngineMapTest.cpp; sourceTree = "<group>"; };
		2166EF8B1B9D2E5E002FE45D /* ScriptEngineTest.cpp */ = {isa = PBXFileReference; fileEncoding = 4; lastKnownFileType = sourcecode.cpp.cpp; name = ScriptEngineTest.cpp; path = ../../ScriptEngineTest.cpp; sourceTree = "<group>"; };
		2166EF8E1B9D3394002FE45D /* RoundTest.h */ = {isa = PBXFileReference; fileEncoding = 4; lastKnownFileType = sourcecode.c.h; name = RoundTest.h; path = ../../RoundTest.h; sourceTree = "<group>"; };
		216D19CE1BB4B37C0007B331 /* ClockTest.cpp */ = {isa = PBXFileReference; fileEncoding = 4; lastKnownFileType = sourcecode.cpp.cpp; name = ClockTest.cpp; path = ../../ClockTest.cpp; sourceTree = "<group>"; };
		2172C4C01B9AF3CB0032BE98 /* Ruby.framework */ = {isa = PBXFileReference; lastKnownFileType = wrapper.framework; name = Ruby.framework; path = System/Library/Frameworks/Ruby.framework; sourceTree = SDKROOT; };
		218569B21BB0D68800861B9B /* RemoteNodeTest.cpp */ = {isa = PBXFileReference; fileEncoding = 4; lastKnownFileType = sourcecode.cpp.cpp; name = RemoteNodeTest.cpp; path = ../../RemoteNodeTest.cpp; sourceTree = "<group>"; };
		218569B41BB0D69400861B9B /* LocalNodeTest.cpp */ = {isa = PBXFileReference; fileEncoding = 4; lastKnownFileType = sourcecode.cpp.cpp; name = LocalNodeTest.cpp; path = ../../LocalNodeTest.cpp; sourceTree = "<group>"; };
		2195A3DC1BD50DF000DF5436 /* Base64Test.cpp */ = {isa = PBXFileReference; fileEncoding = 4; lastKnownFileType = sourcecode.cpp.cpp; name = Base64Test.cpp; path = ../../util/Base64Test.cpp; sourceTree = "<group>"; };
		2195A3DD1BD50DF000DF5436 /* ListOrderedTest.cpp */ = {isa = PBXFileReference; fileEncoding = 4; lastKnownFileType = sourcecode.cpp.cpp; name = ListOrderedTest.cpp; path = ../../util/ListOrderedTest.cpp; sourceTree = "<group>"; };
		2195A3DE1BD50DF000DF5436 /* ListTest.cpp */ = {isa = PBXFileReference; fileEncoding = 4; lastKnownFileType = sourcecode.cpp.cpp; name = ListTest.cpp; path = ../../util/ListTest.cpp; sourceTree = "<group>"; };
		2195A3DF1BD50DF000DF5436 /* MapTest.cpp */ = {isa = PBXFileReference; fileEncoding = 4; lastKnownFileType = sourcecode.cpp.cpp; name = MapTest.cpp; path = ../../util/MapTest.cpp; sourceTree = "<group>"; };
		2195A3E01BD50DF000DF5436 /* QueueTest.cpp */ = {isa = PBXFileReference; fileEncoding = 4; lastKnownFileType = sourcecode.cpp.cpp; name = QueueTest.cpp; path = ../../util/QueueTest.cpp; sourceTree = "<group>"; };
		2195A3E11BD50DF000DF5436 /* SemaphoreTest.cpp */ = {isa = PBXFileReference; fileEncoding = 4; lastKnownFileType = sourcecode.cpp.cpp; name = SemaphoreTest.cpp; path = ../../util/SemaphoreTest.cpp; sourceTree = "<group>"; };
		2195A3E21BD50DF000DF5436 /* StringTest.cpp */ = {isa = PBXFileReference; fileEncoding = 4; lastKnownFileType = sourcecode.cpp.cpp; name = StringTest.cpp; path = ../../util/StringTest.cpp; sourceTree = "<group>"; };
		21A4C21E1BC112DE0030BD12 /* LocalNodeMessageTest.cpp */ = {isa = PBXFileReference; fileEncoding = 4; lastKnownFileType = sourcecode.cpp.cpp; name = LocalNodeMessageTest.cpp; path = ../../LocalNodeMessageTest.cpp; sourceTree = "<group>"; };
		21A4C9F01C12EF2C00F037E9 /* JSONRpcTest.cpp */ = {isa = PBXFileReference; fileEncoding = 4; lastKnownFileType = sourcecode.cpp.cpp; name = JSONRpcTest.cpp; path = ../../json/JSONRpcTest.cpp; sourceTree = "<group>"; };
		21A762EC1B96F82400D29732 /* RoundTest.cpp */ = {isa = PBXFileReference; fileEncoding = 4; lastKnownFileType = sourcecode.cpp.cpp; name = RoundTest.cpp; path = ../../RoundTest.cpp; sourceTree = "<group>"; };
		21A776B31BA0666C009BDB36 /* MessageTest.cpp */ = {isa = PBXFileReference; fileEncoding = 4; lastKnownFileType = sourcecode.cpp.cpp; name = MessageTest.cpp; path = ../../MessageTest.cpp; sourceTree = "<group>"; };
		21C887731BD8F00700449F5D /* DigestTest.cpp */ = {isa = PBXFileReference; fileEncoding = 4; lastKnownFileType = sourcecode.cpp.cpp; name = DigestTest.cpp; path = ../../DigestTest.cpp; sourceTree = "<group>"; };
		21C887751BD9115400449F5D /* MutexTest.cpp */ = {isa = PBXFileReference; fileEncoding = 4; lastKnownFileType = sourcecode.cpp.cpp; name = MutexTest.cpp; path = ../../util/MutexTest.cpp; sourceTree = "<group>"; };
		21D427EF1B9F0B1A00BBBD41 /* ErrorTest.cpp */ = {isa = PBXFileReference; fileEncoding = 4; lastKnownFileType = sourcecode.cpp.cpp; name = ErrorTest.cpp; path = ../../ErrorTest.cpp; sourceTree = "<group>"; };
		21EA96DC1B99104E00E00841 /* ClusterManagerTest.cpp */ = {isa = PBXFileReference; fileEncoding = 4; lastKnownFileType = sourcecode.cpp.cpp; name = ClusterManagerTest.cpp; path = ../../ClusterManagerTest.cpp; sourceTree = "<group>"; };
		21EA96DD1B99104E00E00841 /* ClusterTest.cpp */ = {isa = PBXFileReference; fileEncoding = 4; lastKnownFileType = sourcecode.cpp.cpp; name = ClusterTest.cpp; path = ../../ClusterTest.cpp; sourceTree = "<group>"; };
		21EA96E01B99105E00E00841 /* NodeRingTest.cpp */ = {isa = PBXFileReference; fileEncoding = 4; lastKnownFileType = sourcecode.cpp.cpp; name = NodeRingTest.cpp; path = ../../NodeRingTest.cpp; sourceTree = "<group>"; };
		21EA96E11B99105E00E00841 /* NodeTest.cpp */ = {isa = PBXFileReference; fileEncoding = 4; lastKnownFileType = sourcecode.cpp.cpp; name = NodeTest.cpp; path = ../../NodeTest.cpp; sourceTree = "<group>"; };
		21F6D99A1B9983A500714056 /* JsEngineTest.cpp */ = {isa = PBXFileReference; fileEncoding = 4; lastKnownFileType = sourcecode.cpp.cpp; path = JsEngineTest.cpp; sourceTree = "<group>"; };
		21F6D99B1B9983A500714056 /* LuaEngineTest.cpp */ = {isa = PBXFileReference; fileEncoding = 4; lastKnownFileType = sourcecode.cpp.cpp; path = LuaEngineTest.cpp; sourceTree = "<group>"; };
		21F6D99C1B9983A500714056 /* RubyEngineTest.cpp */ = {isa = PBXFileReference; fileEncoding = 4; lastKnownFileType = sourcecode.cpp.cpp; path = RubyEngineTest.cpp; sourceTree = "<group>"; };
/* End PBXFileReference section */

/* Begin PBXFrameworksBuildPhase section */
		2103632E1B4A51B300DB3025 /* Frameworks */ = {
			isa = PBXFrameworksBuildPhase;
			buildActionMask = 2147483647;
			files = (
				2172C4C11B9AF3CB0032BE98 /* Ruby.framework in Frameworks */,
				2137D3F11B998AEF00652E68 /* liblibround.a in Frameworks */,
			);
			runOnlyForDeploymentPostprocessing = 0;
		};
/* End PBXFrameworksBuildPhase section */

/* Begin PBXGroup section */
		210363281B4A51B300DB3025 = {
			isa = PBXGroup;
			children = (
				217993091B4A5A6B00A158CD /* Sources */,
				213C5BF41B4A543C0013DDD9 /* Frameworks */,
				210363321B4A51B300DB3025 /* Products */,
			);
			sourceTree = "<group>";
		};
		210363321B4A51B300DB3025 /* Products */ = {
			isa = PBXGroup;
			children = (
				210363311B4A51B300DB3025 /* RoundTest */,
			);
			name = Products;
			sourceTree = "<group>";
		};
		212708351BD7993D00000985 /* json */ = {
			isa = PBXGroup;
			children = (
				21A4C9F01C12EF2C00F037E9 /* JSONRpcTest.cpp */,
				212708361BD7995A00000985 /* JSONArrayTest.cpp */,
				212708371BD7995A00000985 /* JSONMapTest.cpp */,
				212708381BD7995A00000985 /* JSONObjectTest.cpp */,
				212708391BD7995A00000985 /* JSONParseTest.cpp */,
			);
			name = json;
			sourceTree = "<group>";
		};
		2137D3EA1B998ADB00652E68 /* Products */ = {
			isa = PBXGroup;
			children = (
				2137D3EE1B998ADD00652E68 /* liblibround.a */,
			);
			name = Products;
			sourceTree = "<group>";
		};
		213C5BF41B4A543C0013DDD9 /* Frameworks */ = {
			isa = PBXGroup;
			children = (
				2172C4C01B9AF3CB0032BE98 /* Ruby.framework */,
				211E45BF1B9814FA00CF0088 /* libround.xcodeproj */,
			);
			name = Frameworks;
			sourceTree = "<group>";
		};
		217993091B4A5A6B00A158CD /* Sources */ = {
			isa = PBXGroup;
			children = (
				211E45D11B98188600CF0088 /* ClientTest.cpp */,
				216D19CE1BB4B37C0007B331 /* ClockTest.cpp */,
				21EA96DC1B99104E00E00841 /* ClusterManagerTest.cpp */,
				21EA96DD1B99104E00E00841 /* ClusterTest.cpp */,
				21D427EF1B9F0B1A00BBBD41 /* ErrorTest.cpp */,
				211E45D31B9818E300CF0088 /* FinderTest.cpp */,
				212708351BD7993D00000985 /* json */,
				21A4C21E1BC112DE0030BD12 /* LocalNodeMessageTest.cpp */,
				218569B41BB0D69400861B9B /* LocalNodeTest.cpp */,
				21A776B31BA0666C009BDB36 /* MessageTest.cpp */,
				212A954A1B9BD1A400EC9A71 /* MethodManagerTest.cpp */,
				212A95491B9BD1A400EC9A71 /* MethodMapTest.cpp */,
				212A954D1B9BD24700EC9A71 /* MethodTest.cpp */,
				21EA96E01B99105E00E00841 /* NodeRingTest.cpp */,
				21EA96E11B99105E00E00841 /* NodeTest.cpp */,
				215A07991BB4663C00E9702F /* RegistryTest.cpp */,
				218569B21BB0D68800861B9B /* RemoteNodeTest.cpp */,
				21A762EC1B96F82400D29732 /* RoundTest.cpp */,
				2166EF8E1B9D3394002FE45D /* RoundTest.h */,
				213389D21BFAEAB30014548E /* RpcServerTest.cpp */,
				21F6D9991B9983A500714056 /* script */,
				2166EF8A1B9D2E5E002FE45D /* ScriptEngineMapTest.cpp */,
				2166EF8B1B9D2E5E002FE45D /* ScriptEngineTest.cpp */,
				21563A101BC419AB004D33EA /* ScriptTestController.cpp */,
				21563A111BC419AB004D33EA /* ScriptTestController.h */,
				215A078D1BB2FB9400E9702F /* ServerTest.cpp */,
				2195A3DB1BD50DD600DF5436 /* util */,
			);
			name = Sources;
			sourceTree = "<group>";
		};
		2195A3DB1BD50DD600DF5436 /* util */ = {
			isa = PBXGroup;
			children = (
				21C887751BD9115400449F5D /* MutexTest.cpp */,
				21C887731BD8F00700449F5D /* DigestTest.cpp */,
				2127082B1BD6640300000985 /* ConsistentHashingRingTest.cpp */,
				2195A3DC1BD50DF000DF5436 /* Base64Test.cpp */,
				2195A3DD1BD50DF000DF5436 /* ListOrderedTest.cpp */,
				2195A3DE1BD50DF000DF5436 /* ListTest.cpp */,
				2195A3DF1BD50DF000DF5436 /* MapTest.cpp */,
				2195A3E01BD50DF000DF5436 /* QueueTest.cpp */,
				2195A3E11BD50DF000DF5436 /* SemaphoreTest.cpp */,
				2195A3E21BD50DF000DF5436 /* StringTest.cpp */,
			);
			name = util;
			sourceTree = "<group>";
		};
		21F6D9991B9983A500714056 /* script */ = {
			isa = PBXGroup;
			children = (
				21F6D99A1B9983A500714056 /* JsEngineTest.cpp */,
				21F6D99B1B9983A500714056 /* LuaEngineTest.cpp */,
				21F6D99C1B9983A500714056 /* RubyEngineTest.cpp */,
			);
			name = script;
			path = ../../script;
			sourceTree = "<group>";
		};
/* End PBXGroup section */

/* Begin PBXNativeTarget section */
		210363301B4A51B300DB3025 /* RoundTest */ = {
			isa = PBXNativeTarget;
			buildConfigurationList = 210363381B4A51B300DB3025 /* Build configuration list for PBXNativeTarget "RoundTest" */;
			buildPhases = (
				2103632D1B4A51B300DB3025 /* Sources */,
				2103632E1B4A51B300DB3025 /* Frameworks */,
				2103632F1B4A51B300DB3025 /* CopyFiles */,
			);
			buildRules = (
			);
			dependencies = (
				2137D3F01B998AE900652E68 /* PBXTargetDependency */,
			);
			name = RoundTest;
			productName = uEchoTest;
			productReference = 210363311B4A51B300DB3025 /* RoundTest */;
			productType = "com.apple.product-type.tool";
		};
/* End PBXNativeTarget section */

/* Begin PBXProject section */
		210363291B4A51B300DB3025 /* Project object */ = {
			isa = PBXProject;
			attributes = {
				LastUpgradeCheck = 0700;
				ORGANIZATIONNAME = cybergarage;
				TargetAttributes = {
					210363301B4A51B300DB3025 = {
						CreatedOnToolsVersion = 6.4;
					};
				};
			};
			buildConfigurationList = 2103632C1B4A51B300DB3025 /* Build configuration list for PBXProject "RoundTest" */;
			compatibilityVersion = "Xcode 3.2";
			developmentRegion = English;
			hasScannedForEncodings = 0;
			knownRegions = (
				en,
			);
			mainGroup = 210363281B4A51B300DB3025;
			productRefGroup = 210363321B4A51B300DB3025 /* Products */;
			projectDirPath = "";
			projectReferences = (
				{
					ProductGroup = 2137D3EA1B998ADB00652E68 /* Products */;
					ProjectRef = 211E45BF1B9814FA00CF0088 /* libround.xcodeproj */;
				},
			);
			projectRoot = "";
			targets = (
				210363301B4A51B300DB3025 /* RoundTest */,
			);
		};
/* End PBXProject section */

/* Begin PBXReferenceProxy section */
		2137D3EE1B998ADD00652E68 /* liblibround.a */ = {
			isa = PBXReferenceProxy;
			fileType = archive.ar;
			path = liblibround.a;
			remoteRef = 2137D3ED1B998ADD00652E68 /* PBXContainerItemProxy */;
			sourceTree = BUILT_PRODUCTS_DIR;
		};
/* End PBXReferenceProxy section */

/* Begin PBXSourcesBuildPhase section */
		2103632D1B4A51B300DB3025 /* Sources */ = {
			isa = PBXSourcesBuildPhase;
			buildActionMask = 2147483647;
			files = (
				2195A3E81BD50DF000DF5436 /* SemaphoreTest.cpp in Sources */,
				2127083C1BD7995A00000985 /* JSONObjectTest.cpp in Sources */,
				2195A3E71BD50DF000DF5436 /* QueueTest.cpp in Sources */,
				215A079A1BB4663C00E9702F /* RegistryTest.cpp in Sources */,
				21D427F01B9F0B1A00BBBD41 /* ErrorTest.cpp in Sources */,
				2195A3E51BD50DF000DF5436 /* ListTest.cpp in Sources */,
				21F6D99E1B9983A500714056 /* LuaEngineTest.cpp in Sources */,
				21C887771BD9115400449F5D /* MutexTest.cpp in Sources */,
				212A954B1B9BD1A400EC9A71 /* MethodMapTest.cpp in Sources */,
				215A078E1BB2FB9400E9702F /* ServerTest.cpp in Sources */,
				2195A3E61BD50DF000DF5436 /* MapTest.cpp in Sources */,
				212A954C1B9BD1A400EC9A71 /* MethodManagerTest.cpp in Sources */,
				2127082C1BD6640300000985 /* ConsistentHashingRingTest.cpp in Sources */,
				211E45D21B98188600CF0088 /* ClientTest.cpp in Sources */,
				21563A121BC419AB004D33EA /* ScriptTestController.cpp in Sources */,
				2127083A1BD7995A00000985 /* JSONArrayTest.cpp in Sources */,
				21A776B41BA0666C009BDB36 /* MessageTest.cpp in Sources */,
				216D19CF1BB4B37C0007B331 /* ClockTest.cpp in Sources */,
				2127083B1BD7995A00000985 /* JSONMapTest.cpp in Sources */,
				211E45D41B9818E300CF0088 /* FinderTest.cpp in Sources */,
				21F6D99F1B9983A500714056 /* RubyEngineTest.cpp in Sources */,
				218569B31BB0D68800861B9B /* RemoteNodeTest.cpp in Sources */,
				218569B51BB0D69400861B9B /* LocalNodeTest.cpp in Sources */,
				21EA96DE1B99104E00E00841 /* ClusterManagerTest.cpp in Sources */,
				2195A3E41BD50DF000DF5436 /* ListOrderedTest.cpp in Sources */,
				21C887741BD8F00700449F5D /* DigestTest.cpp in Sources */,
				21EA96E31B99105E00E00841 /* NodeTest.cpp in Sources */,
				2166EF8C1B9D2E5E002FE45D /* ScriptEngineMapTest.cpp in Sources */,
				21F6D99D1B9983A500714056 /* JsEngineTest.cpp in Sources */,
				21EA96E21B99105E00E00841 /* NodeRingTest.cpp in Sources */,
				2195A3E91BD50DF000DF5436 /* StringTest.cpp in Sources */,
				2195A3E31BD50DF000DF5436 /* Base64Test.cpp in Sources */,
				21A762ED1B96F82400D29732 /* RoundTest.cpp in Sources */,
				212A954E1B9BD24700EC9A71 /* MethodTest.cpp in Sources */,
				21EA96DF1B99104E00E00841 /* ClusterTest.cpp in Sources */,
				213389D31BFAEAB30014548E /* RpcServerTest.cpp in Sources */,
				2166EF8D1B9D2E5E002FE45D /* ScriptEngineTest.cpp in Sources */,
				21A4C21F1BC112DE0030BD12 /* LocalNodeMessageTest.cpp in Sources */,
				2127083D1BD7995A00000985 /* JSONParseTest.cpp in Sources */,
				21A4C9F11C12EF2C00F037E9 /* JSONRpcTest.cpp in Sources */,
			);
			runOnlyForDeploymentPostprocessing = 0;
		};
/* End PBXSourcesBuildPhase section */

/* Begin PBXTargetDependency section */
		2137D3F01B998AE900652E68 /* PBXTargetDependency */ = {
			isa = PBXTargetDependency;
			name = libround;
			targetProxy = 2137D3EF1B998AE900652E68 /* PBXContainerItemProxy */;
		};
/* End PBXTargetDependency section */

/* Begin XCBuildConfiguration section */
		210363361B4A51B300DB3025 /* Debug */ = {
			isa = XCBuildConfiguration;
			buildSettings = {
				ALWAYS_SEARCH_USER_PATHS = NO;
				CLANG_CXX_LANGUAGE_STANDARD = "gnu++0x";
				CLANG_CXX_LIBRARY = "libc++";
				CLANG_ENABLE_MODULES = YES;
				CLANG_ENABLE_OBJC_ARC = YES;
				CLANG_WARN_BOOL_CONVERSION = YES;
				CLANG_WARN_CONSTANT_CONVERSION = YES;
				CLANG_WARN_DIRECT_OBJC_ISA_USAGE = YES_ERROR;
				CLANG_WARN_EMPTY_BODY = YES;
				CLANG_WARN_ENUM_CONVERSION = YES;
				CLANG_WARN_INT_CONVERSION = YES;
				CLANG_WARN_OBJC_ROOT_CLASS = YES_ERROR;
				CLANG_WARN_UNREACHABLE_CODE = YES;
				CLANG_WARN__DUPLICATE_METHOD_MATCH = YES;
				COPY_PHASE_STRIP = NO;
				DEBUG_INFORMATION_FORMAT = dwarf;
				ENABLE_STRICT_OBJC_MSGSEND = YES;
				ENABLE_TESTABILITY = YES;
				GCC_C_LANGUAGE_STANDARD = gnu99;
				GCC_DYNAMIC_NO_PIC = NO;
				GCC_NO_COMMON_BLOCKS = YES;
				GCC_OPTIMIZATION_LEVEL = 0;
				GCC_PREPROCESSOR_DEFINITIONS = (
					"DEBUG=1",
					"$(inherited)",
				);
				GCC_SYMBOLS_PRIVATE_EXTERN = NO;
				GCC_WARN_64_TO_32_BIT_CONVERSION = YES;
				GCC_WARN_ABOUT_RETURN_TYPE = YES_ERROR;
				GCC_WARN_UNDECLARED_SELECTOR = YES;
				GCC_WARN_UNINITIALIZED_AUTOS = YES_AGGRESSIVE;
				GCC_WARN_UNUSED_FUNCTION = YES;
				GCC_WARN_UNUSED_VARIABLE = YES;
				MACOSX_DEPLOYMENT_TARGET = 10.10;
				MTL_ENABLE_DEBUG_INFO = YES;
				ONLY_ACTIVE_ARCH = YES;
				OTHER_LDFLAGS = (
					"-lboost_unit_test_framework-mt",
					"-lboost_thread-mt",
					"-lboost_system-mt",
					"-lexpat",
					"-lxml2",
					"-lcurl",
					"-lmupnp",
					"-lmruby",
					"-llua",
					"-lmozjs185",
					"-ljansson",
				);
				SDKROOT = macosx;
			};
			name = Debug;
		};
		210363371B4A51B300DB3025 /* Release */ = {
			isa = XCBuildConfiguration;
			buildSettings = {
				ALWAYS_SEARCH_USER_PATHS = NO;
				CLANG_CXX_LANGUAGE_STANDARD = "gnu++0x";
				CLANG_CXX_LIBRARY = "libc++";
				CLANG_ENABLE_MODULES = YES;
				CLANG_ENABLE_OBJC_ARC = YES;
				CLANG_WARN_BOOL_CONVERSION = YES;
				CLANG_WARN_CONSTANT_CONVERSION = YES;
				CLANG_WARN_DIRECT_OBJC_ISA_USAGE = YES_ERROR;
				CLANG_WARN_EMPTY_BODY = YES;
				CLANG_WARN_ENUM_CONVERSION = YES;
				CLANG_WARN_INT_CONVERSION = YES;
				CLANG_WARN_OBJC_ROOT_CLASS = YES_ERROR;
				CLANG_WARN_UNREACHABLE_CODE = YES;
				CLANG_WARN__DUPLICATE_METHOD_MATCH = YES;
				COPY_PHASE_STRIP = NO;
				DEBUG_INFORMATION_FORMAT = "dwarf-with-dsym";
				ENABLE_NS_ASSERTIONS = NO;
				ENABLE_STRICT_OBJC_MSGSEND = YES;
				GCC_C_LANGUAGE_STANDARD = gnu99;
				GCC_NO_COMMON_BLOCKS = YES;
				GCC_WARN_64_TO_32_BIT_CONVERSION = YES;
				GCC_WARN_ABOUT_RETURN_TYPE = YES_ERROR;
				GCC_WARN_UNDECLARED_SELECTOR = YES;
				GCC_WARN_UNINITIALIZED_AUTOS = YES_AGGRESSIVE;
				GCC_WARN_UNUSED_FUNCTION = YES;
				GCC_WARN_UNUSED_VARIABLE = YES;
				MACOSX_DEPLOYMENT_TARGET = 10.10;
				MTL_ENABLE_DEBUG_INFO = NO;
				OTHER_LDFLAGS = (
					"-lboost_unit_test_framework-mt",
					"-lboost_thread-mt",
					"-lboost_system-mt",
					"-lexpat",
					"-lxml2",
					"-lcurl",
					"-lmupnp",
					"-lmruby",
					"-llua",
					"-lmozjs185",
					"-ljansson",
				);
				SDKROOT = macosx;
			};
			name = Release;
		};
		210363391B4A51B300DB3025 /* Debug */ = {
			isa = XCBuildConfiguration;
			buildSettings = {
				HEADER_SEARCH_PATHS = (
					"$(inherited)",
					../../../src,
					/Applications/Xcode.app/Contents/Developer/Toolchains/XcodeDefault.xctoolchain/usr/include,
					../../../include,
					/usr/local/include,
				);
				LIBRARY_SEARCH_PATHS = /usr/local/lib;
				OTHER_LDFLAGS = (
					"-lboost_unit_test_framework-mt",
					"-lboost_thread-mt",
					"-lboost_system-mt",
					"-lexpat",
					"-lxml2",
					"-lcurl",
					"-lmupnp",
					"-lmozjs185",
					"-llua",
					"-lmruby",
					"-ljansson",
				);
				PRODUCT_NAME = RoundTest;
			};
			name = Debug;
		};
		2103633A1B4A51B300DB3025 /* Release */ = {
			isa = XCBuildConfiguration;
			buildSettings = {
				HEADER_SEARCH_PATHS = (
					"$(inherited)",
					../../../src,
					/Applications/Xcode.app/Contents/Developer/Toolchains/XcodeDefault.xctoolchain/usr/include,
					../../../include,
					/usr/local/include,
				);
				LIBRARY_SEARCH_PATHS = /usr/local/lib;
				OTHER_LDFLAGS = (
					"-lboost_unit_test_framework-mt",
					"-lboost_thread-mt",
					"-lboost_system-mt",
					"-lexpat",
					"-lxml2",
					"-lcurl",
					"-lmupnp",
					"-lmozjs185",
					"-llua",
					"-lmruby",
					"-ljansson",
				);
				PRODUCT_NAME = RoundTest;
			};
			name = Release;
		};
/* End XCBuildConfiguration section */

/* Begin XCConfigurationList section */
		2103632C1B4A51B300DB3025 /* Build configuration list for PBXProject "RoundTest" */ = {
			isa = XCConfigurationList;
			buildConfigurations = (
				210363361B4A51B300DB3025 /* Debug */,
				210363371B4A51B300DB3025 /* Release */,
			);
			defaultConfigurationIsVisible = 0;
			defaultConfigurationName = Release;
		};
		210363381B4A51B300DB3025 /* Build configuration list for PBXNativeTarget "RoundTest" */ = {
			isa = XCConfigurationList;
			buildConfigurations = (
				210363391B4A51B300DB3025 /* Debug */,
				2103633A1B4A51B300DB3025 /* Release */,
			);
			defaultConfigurationIsVisible = 0;
			defaultConfigurationName = Release;
		};
/* End XCConfigurationList section */
	};
	rootObject = 210363291B4A51B300DB3025 /* Project object */;
}
